
Microsoft Visual Studio Solution File, Format Version 12.00
# Visual Studio Version 17
VisualStudioVersion = 17.3.32901.215
MinimumVisualStudioVersion = 10.0.40219.1
Project("{9A19103F-16F7-4668-BE54-9A1E7A4F7556}") = "SGPClicpaq.Server", "SGPClicpaq\Server\SGPClicpaq.Server.csproj", "{108A9DFD-D784-4148-BFAA-76D344DA6D8A}"
EndProject
Project("{9A19103F-16F7-4668-BE54-9A1E7A4F7556}") = "SGPClicpaq.Client", "SGPClicpaq\Client\SGPClicpaq.Client.csproj", "{240E1D18-75CA-4485-AFDC-9E3DC6C851A6}"
EndProject
Project("{9A19103F-16F7-4668-BE54-9A1E7A4F7556}") = "SGPClicpaq.Shared", "SGPClicpaq\Shared\SGPClicpaq.Shared.csproj", "{846C1E4E-F377-4A48-8386-99C83CAF3D60}"
EndProject
Project("{2150E333-8FDC-42A3-9474-1A3956D46DE8}") = "Solution Items", "Solution Items", "{34556B10-7F7A-4FE5-8617-ACAEBDC9D0C8}"
	ProjectSection(SolutionItems) = preProject
		.editorconfig = .editorconfig
	EndProjectSection
EndProject
Global
	GlobalSection(SolutionConfigurationPlatforms) = preSolution
		Debug|Any CPU = Debug|Any CPU
		Release|Any CPU = Release|Any CPU
	EndGlobalSection
	GlobalSection(ProjectConfigurationPlatforms) = postSolution
		{108A9DFD-D784-4148-BFAA-76D344DA6D8A}.Debug|Any CPU.ActiveCfg = Debug|Any CPU
		{108A9DFD-D784-4148-BFAA-76D344DA6D8A}.Debug|Any CPU.Build.0 = Debug|Any CPU
		{108A9DFD-D784-4148-BFAA-76D344DA6D8A}.Release|Any CPU.ActiveCfg = Release|Any CPU
		{108A9DFD-D784-4148-BFAA-76D344DA6D8A}.Release|Any CPU.Build.0 = Release|Any CPU
		{240E1D18-75CA-4485-AFDC-9E3DC6C851A6}.Debug|Any CPU.ActiveCfg = Debug|Any CPU
		{240E1D18-75CA-4485-AFDC-9E3DC6C851A6}.Debug|Any CPU.Build.0 = Debug|Any CPU
		{240E1D18-75CA-4485-AFDC-9E3DC6C851A6}.Release|Any CPU.ActiveCfg = Release|Any CPU
		{240E1D18-75CA-4485-AFDC-9E3DC6C851A6}.Release|Any CPU.Build.0 = Release|Any CPU
		{846C1E4E-F377-4A48-8386-99C83CAF3D60}.Debug|Any CPU.ActiveCfg = Debug|Any CPU
		{846C1E4E-F377-4A48-8386-99C83CAF3D60}.Debug|Any CPU.Build.0 = Debug|Any CPU
		{846C1E4E-F377-4A48-8386-99C83CAF3D60}.Release|Any CPU.ActiveCfg = Release|Any CPU
		{846C1E4E-F377-4A48-8386-99C83CAF3D60}.Release|Any CPU.Build.0 = Release|Any CPU
	EndGlobalSection
	GlobalSection(SolutionProperties) = preSolution
		HideSolutionNode = FALSE
	EndGlobalSection
	GlobalSection(ExtensibilityGlobals) = postSolution
		SolutionGuid = {63F7F28B-7C2C-48EE-B8D9-3DB6E619C9AE}
	EndGlobalSection
EndGlobal
